// !$*UTF8*$!
{
	archiveVersion = 1;
	classes = {
	};
	objectVersion = 77;
	objects = {

/* Begin PBXBuildFile section */
		0F45EABC4241B82F47DD4817 /* ImagesListCell.swift in Sources */ = {isa = PBXBuildFile; fileRef = 52E0A0334756DBF99C1ECD0F /* ImagesListCell.swift */; };
		2AB4E5842CCD1CB1462DED9B /* SceneDelegate.swift in Sources */ = {isa = PBXBuildFile; fileRef = C459E2C1209A5BA97D50BDF6 /* SceneDelegate.swift */; };
		329B56DC0145C33F57D9C5D2 /* ImagesListViewController.swift in Sources */ = {isa = PBXBuildFile; fileRef = 7F8731F49FBFCDFD2721C565 /* ImagesListViewController.swift */; };
		BFCBA7E0FDCEFE1D990FC9CC /* LaunchScreen.storyboard in Resources */ = {isa = PBXBuildFile; fileRef = 1DF15D9BFB54B50C75E6B8A6 /* LaunchScreen.storyboard */; };
		CC9613271DE5B070F488981C /* Main.storyboard in Resources */ = {isa = PBXBuildFile; fileRef = 6163002174C9B5A3E3E1E691 /* Main.storyboard */; };
		EF705798D76978A1DCC8EE80 /* Assets.xcassets in Resources */ = {isa = PBXBuildFile; fileRef = 13EEC6B230D8F935BF9222A4 /* Assets.xcassets */; };
		FEFC46DA7A0A0784D4CFE54D /* AppDelegate.swift in Sources */ = {isa = PBXBuildFile; fileRef = 18B0F102077198D91460FC1C /* AppDelegate.swift */; };
/* End PBXBuildFile section */

/* Begin PBXFileReference section */
		13EEC6B230D8F935BF9222A4 /* Assets.xcassets */ = {isa = PBXFileReference; lastKnownFileType = folder.assetcatalog; path = Assets.xcassets; sourceTree = "<group>"; };
		18B0F102077198D91460FC1C /* AppDelegate.swift */ = {isa = PBXFileReference; lastKnownFileType = sourcecode.swift; path = AppDelegate.swift; sourceTree = "<group>"; };
		32B80D8269A3C0ED62B36EBA /* Info.plist */ = {isa = PBXFileReference; lastKnownFileType = text.plist; path = Info.plist; sourceTree = "<group>"; };
		52E0A0334756DBF99C1ECD0F /* ImagesListCell.swift */ = {isa = PBXFileReference; lastKnownFileType = sourcecode.swift; path = ImagesListCell.swift; sourceTree = "<group>"; };
		55743DE31B4B74962F17221E /* Base */ = {isa = PBXFileReference; lastKnownFileType = file.storyboard; name = Base; path = Base.lproj/LaunchScreen.storyboard; sourceTree = "<group>"; };
		7F8731F49FBFCDFD2721C565 /* ImagesListViewController.swift */ = {isa = PBXFileReference; lastKnownFileType = sourcecode.swift; path = ImagesListViewController.swift; sourceTree = "<group>"; };
		92D1C498781BF23D2252D0B4 /* ImageFeed.app */ = {isa = PBXFileReference; includeInIndex = 0; lastKnownFileType = wrapper.application; path = ImageFeed.app; sourceTree = BUILT_PRODUCTS_DIR; };
		A8E17E8D09818E0E151117D5 /* Base */ = {isa = PBXFileReference; lastKnownFileType = file.storyboard; name = Base; path = Base.lproj/Main.storyboard; sourceTree = "<group>"; };
		C459E2C1209A5BA97D50BDF6 /* SceneDelegate.swift */ = {isa = PBXFileReference; lastKnownFileType = sourcecode.swift; path = SceneDelegate.swift; sourceTree = "<group>"; };
/* End PBXFileReference section */

/* Begin PBXGroup section */
		0FAB7F06D4AFC5E61C0BAF8E = {
			isa = PBXGroup;
			children = (
				29E78A939301490F6A003276 /* ImageFeed */,
				3FA093F602E4D569C2BD8C38 /* Products */,
			);
			sourceTree = "<group>";
		};
		29E78A939301490F6A003276 /* ImageFeed */ = {
			isa = PBXGroup;
			children = (
				18B0F102077198D91460FC1C /* AppDelegate.swift */,
				13EEC6B230D8F935BF9222A4 /* Assets.xcassets */,
				32B80D8269A3C0ED62B36EBA /* Info.plist */,
				C459E2C1209A5BA97D50BDF6 /* SceneDelegate.swift */,
				31969C45CA6576500A981BCB /* ImagesList */,
				1DF15D9BFB54B50C75E6B8A6 /* LaunchScreen.storyboard */,
				6163002174C9B5A3E3E1E691 /* Main.storyboard */,
			);
			path = ImageFeed;
			sourceTree = "<group>";
		};
		31969C45CA6576500A981BCB /* ImagesList */ = {
			isa = PBXGroup;
			children = (
				52E0A0334756DBF99C1ECD0F /* ImagesListCell.swift */,
				7F8731F49FBFCDFD2721C565 /* ImagesListViewController.swift */,
			);
			path = ImagesList;
			sourceTree = "<group>";
		};
		3FA093F602E4D569C2BD8C38 /* Products */ = {
			isa = PBXGroup;
			children = (
				92D1C498781BF23D2252D0B4 /* ImageFeed.app */,
			);
			name = Products;
			sourceTree = "<group>";
		};
/* End PBXGroup section */

/* Begin PBXNativeTarget section */
		B27E279A5FC243108DD903A0 /* ImageFeed */ = {
			isa = PBXNativeTarget;
			buildConfigurationList = D6697F42E476F8ABEDBD7FF8 /* Build configuration list for PBXNativeTarget "ImageFeed" */;
			buildPhases = (
				98E780C28C9A3D9875678625 /* Sources */,
				32A90D10977E76BCDE9FD549 /* Resources */,
			);
			buildRules = (
			);
			dependencies = (
			);
			name = ImageFeed;
			packageProductDependencies = (
			);
			productName = ImageFeed;
			productReference = 92D1C498781BF23D2252D0B4 /* ImageFeed.app */;
			productType = "com.apple.product-type.application";
		};
/* End PBXNativeTarget section */

/* Begin PBXProject section */
		9520E46A2D58CF383E44F0D1 /* Project object */ = {
			isa = PBXProject;
			attributes = {
				BuildIndependentTargetsInParallel = YES;
				LastUpgradeCheck = 1430;
				TargetAttributes = {
				};
			};
			buildConfigurationList = 135EEFE25E65EC4BD4719704 /* Build configuration list for PBXProject "ImageFeed" */;
			developmentRegion = en;
			hasScannedForEncodings = 0;
			knownRegions = (
				Base,
				en,
			);
			mainGroup = 0FAB7F06D4AFC5E61C0BAF8E;
			minimizedProjectReferenceProxies = 1;
			preferredProjectObjectVersion = 77;
			productRefGroup = 3FA093F602E4D569C2BD8C38 /* Products */;
			projectDirPath = "";
			projectRoot = "";
			targets = (
				B27E279A5FC243108DD903A0 /* ImageFeed */,
			);
		};
/* End PBXProject section */

/* Begin PBXResourcesBuildPhase section */
		32A90D10977E76BCDE9FD549 /* Resources */ = {
			isa = PBXResourcesBuildPhase;
			buildActionMask = 2147483647;
			files = (
				EF705798D76978A1DCC8EE80 /* Assets.xcassets in Resources */,
				BFCBA7E0FDCEFE1D990FC9CC /* LaunchScreen.storyboard in Resources */,
				CC9613271DE5B070F488981C /* Main.storyboard in Resources */,
			);
			runOnlyForDeploymentPostprocessing = 0;
		};
/* End PBXResourcesBuildPhase section */

/* Begin PBXSourcesBuildPhase section */
		98E780C28C9A3D9875678625 /* Sources */ = {
			isa = PBXSourcesBuildPhase;
			buildActionMask = 2147483647;
			files = (
				FEFC46DA7A0A0784D4CFE54D /* AppDelegate.swift in Sources */,
				0F45EABC4241B82F47DD4817 /* ImagesListCell.swift in Sources */,
				329B56DC0145C33F57D9C5D2 /* ImagesListViewController.swift in Sources */,
				2AB4E5842CCD1CB1462DED9B /* SceneDelegate.swift in Sources */,
			);
			runOnlyForDeploymentPostprocessing = 0;
		};
/* End PBXSourcesBuildPhase section */

/* Begin PBXVariantGroup section */
		1DF15D9BFB54B50C75E6B8A6 /* LaunchScreen.storyboard */ = {
			isa = PBXVariantGroup;
			children = (
				55743DE31B4B74962F17221E /* Base */,
			);
			name = LaunchScreen.storyboard;
			sourceTree = "<group>";
		};
		6163002174C9B5A3E3E1E691 /* Main.storyboard */ = {
			isa = PBXVariantGroup;
			children = (
				A8E17E8D09818E0E151117D5 /* Base */,
			);
			name = Main.storyboard;
			sourceTree = "<group>";
		};
/* End PBXVariantGroup section */

/* Begin XCBuildConfiguration section */
		3AC9CCE063B95A8C26AAE9B1 /* Release */ = {
			isa = XCBuildConfiguration;
			buildSettings = {
				ALWAYS_SEARCH_USER_PATHS = NO;
				CLANG_ANALYZER_NONNULL = YES;
				CLANG_ANALYZER_NUMBER_OBJECT_CONVERSION = YES_AGGRESSIVE;
				CLANG_CXX_LANGUAGE_STANDARD = "gnu++14";
				CLANG_CXX_LIBRARY = "libc++";
				CLANG_ENABLE_MODULES = YES;
				CLANG_ENABLE_OBJC_ARC = YES;
				CLANG_ENABLE_OBJC_WEAK = YES;
				CLANG_WARN_BLOCK_CAPTURE_AUTORELEASING = YES;
				CLANG_WARN_BOOL_CONVERSION = YES;
				CLANG_WARN_COMMA = YES;
				CLANG_WARN_CONSTANT_CONVERSION = YES;
				CLANG_WARN_DEPRECATED_OBJC_IMPLEMENTATIONS = YES;
				CLANG_WARN_DIRECT_OBJC_ISA_USAGE = YES_ERROR;
				CLANG_WARN_DOCUMENTATION_COMMENTS = YES;
				CLANG_WARN_EMPTY_BODY = YES;
				CLANG_WARN_ENUM_CONVERSION = YES;
				CLANG_WARN_INFINITE_RECURSION = YES;
				CLANG_WARN_INT_CONVERSION = YES;
				CLANG_WARN_NON_LITERAL_NULL_CONVERSION = YES;
				CLANG_WARN_OBJC_IMPLICIT_RETAIN_SELF = YES;
				CLANG_WARN_OBJC_LITERAL_CONVERSION = YES;
				CLANG_WARN_OBJC_ROOT_CLASS = YES_ERROR;
				CLANG_WARN_QUOTED_INCLUDE_IN_FRAMEWORK_HEADER = YES;
				CLANG_WARN_RANGE_LOOP_ANALYSIS = YES;
				CLANG_WARN_STRICT_PROTOTYPES = YES;
				CLANG_WARN_SUSPICIOUS_MOVE = YES;
				CLANG_WARN_UNGUARDED_AVAILABILITY = YES_AGGRESSIVE;
				CLANG_WARN_UNREACHABLE_CODE = YES;
				CLANG_WARN__DUPLICATE_METHOD_MATCH = YES;
				COPY_PHASE_STRIP = NO;
				DEBUG_INFORMATION_FORMAT = "dwarf-with-dsym";
				ENABLE_NS_ASSERTIONS = NO;
				ENABLE_STRICT_OBJC_MSGSEND = YES;
				GCC_C_LANGUAGE_STANDARD = gnu11;
				GCC_NO_COMMON_BLOCKS = YES;
				GCC_WARN_64_TO_32_BIT_CONVERSION = YES;
				GCC_WARN_ABOUT_RETURN_TYPE = YES_ERROR;
				GCC_WARN_UNDECLARED_SELECTOR = YES;
				GCC_WARN_UNINITIALIZED_AUTOS = YES_AGGRESSIVE;
				GCC_WARN_UNUSED_FUNCTION = YES;
				GCC_WARN_UNUSED_VARIABLE = YES;
				IPHONEOS_DEPLOYMENT_TARGET = 17.0;
				MTL_ENABLE_DEBUG_INFO = NO;
				MTL_FAST_MATH = YES;
				PRODUCT_NAME = "$(TARGET_NAME)";
				SDKROOT = iphoneos;
				SWIFT_COMPILATION_MODE = wholemodule;
				SWIFT_OPTIMIZATION_LEVEL = "-O";
				SWIFT_VERSION = 5.0;
			};
			name = Release;
		};
		59F75FE748CE0FC9C9ABD7ED /* Release */ = {
			isa = XCBuildConfiguration;
			buildSettings = {
				ASSETCATALOG_COMPILER_APPICON_NAME = AppIcon;
				CODE_SIGN_IDENTITY = "iPhone Developer";
				CURRENT_PROJECT_VERSION = 1;
				GENERATE_INFOPLIST_FILE = YES;
				INFOPLIST_FILE = ImageFeed/Info.plist;
				INFOPLIST_KEY_UILaunchStoryboardName = LaunchScreen;
				INFOPLIST_KEY_UISupportedInterfaceOrientations = UIInterfaceOrientationPortrait;
				LD_RUNPATH_SEARCH_PATHS = (
					"$(inherited)",
					"@executable_path/Frameworks",
				);
				MARKETING_VERSION = 1.0;
				PRODUCT_BUNDLE_IDENTIFIER = ru.starninja.ImageFeed;
				PRODUCT_NAME = ImageFeed;
				SDKROOT = iphoneos;
				SWIFT_VERSION = 5.0;
				TARGETED_DEVICE_FAMILY = 1;
			};
			name = Release;
		};
		6BBA879D8312BF4DEB2ED763 /* Debug */ = {
			isa = XCBuildConfiguration;
			buildSettings = {
				ASSETCATALOG_COMPILER_APPICON_NAME = AppIcon;
				CODE_SIGN_IDENTITY = "iPhone Developer";
				CURRENT_PROJECT_VERSION = 1;
				GENERATE_INFOPLIST_FILE = YES;
				INFOPLIST_FILE = ImageFeed/Info.plist;
				INFOPLIST_KEY_UILaunchStoryboardName = LaunchScreen;
				INFOPLIST_KEY_UISupportedInterfaceOrientations = UIInterfaceOrientationPortrait;
				LD_RUNPATH_SEARCH_PATHS = (
					"$(inherited)",
					"@executable_path/Frameworks",
				);
				MARKETING_VERSION = 1.0;
				PRODUCT_BUNDLE_IDENTIFIER = ru.starninja.ImageFeed;
				PRODUCT_NAME = ImageFeed;
				SDKROOT = iphoneos;
				SWIFT_VERSION = 5.0;
				TARGETED_DEVICE_FAMILY = 1;
			};
			name = Debug;
		};
		AC4B7687D20CDE1C61E4022D /* Debug */ = {
			isa = XCBuildConfiguration;
			buildSettings = {
				ALWAYS_SEARCH_USER_PATHS = NO;
				CLANG_ANALYZER_NONNULL = YES;
				CLANG_ANALYZER_NUMBER_OBJECT_CONVERSION = YES_AGGRESSIVE;
				CLANG_CXX_LANGUAGE_STANDARD = "gnu++14";
				CLANG_CXX_LIBRARY = "libc++";
				CLANG_ENABLE_MODULES = YES;
				CLANG_ENABLE_OBJC_ARC = YES;
				CLANG_ENABLE_OBJC_WEAK = YES;
				CLANG_WARN_BLOCK_CAPTURE_AUTORELEASING = YES;
				CLANG_WARN_BOOL_CONVERSION = YES;
				CLANG_WARN_COMMA = YES;
				CLANG_WARN_CONSTANT_CONVERSION = YES;
				CLANG_WARN_DEPRECATED_OBJC_IMPLEMENTATIONS = YES;
				CLANG_WARN_DIRECT_OBJC_ISA_USAGE = YES_ERROR;
				CLANG_WARN_DOCUMENTATION_COMMENTS = YES;
				CLANG_WARN_EMPTY_BODY = YES;
				CLANG_WARN_ENUM_CONVERSION = YES;
				CLANG_WARN_INFINITE_RECURSION = YES;
				CLANG_WARN_INT_CONVERSION = YES;
				CLANG_WARN_NON_LITERAL_NULL_CONVERSION = YES;
				CLANG_WARN_OBJC_IMPLICIT_RETAIN_SELF = YES;
				CLANG_WARN_OBJC_LITERAL_CONVERSION = YES;
				CLANG_WARN_OBJC_ROOT_CLASS = YES_ERROR;
				CLANG_WARN_QUOTED_INCLUDE_IN_FRAMEWORK_HEADER = YES;
				CLANG_WARN_RANGE_LOOP_ANALYSIS = YES;
				CLANG_WARN_STRICT_PROTOTYPES = YES;
				CLANG_WARN_SUSPICIOUS_MOVE = YES;
				CLANG_WARN_UNGUARDED_AVAILABILITY = YES_AGGRESSIVE;
				CLANG_WARN_UNREACHABLE_CODE = YES;
				CLANG_WARN__DUPLICATE_METHOD_MATCH = YES;
				COPY_PHASE_STRIP = NO;
				DEBUG_INFORMATION_FORMAT = dwarf;
				ENABLE_STRICT_OBJC_MSGSEND = YES;
				ENABLE_TESTABILITY = YES;
				GCC_C_LANGUAGE_STANDARD = gnu11;
				GCC_DYNAMIC_NO_PIC = NO;
				GCC_NO_COMMON_BLOCKS = YES;
				GCC_OPTIMIZATION_LEVEL = 0;
				GCC_PREPROCESSOR_DEFINITIONS = (
					"$(inherited)",
					"DEBUG=1",
				);
				GCC_WARN_64_TO_32_BIT_CONVERSION = YES;
				GCC_WARN_ABOUT_RETURN_TYPE = YES_ERROR;
				GCC_WARN_UNDECLARED_SELECTOR = YES;
				GCC_WARN_UNINITIALIZED_AUTOS = YES_AGGRESSIVE;
				GCC_WARN_UNUSED_FUNCTION = YES;
				GCC_WARN_UNUSED_VARIABLE = YES;
				IPHONEOS_DEPLOYMENT_TARGET = 17.0;
				MTL_ENABLE_DEBUG_INFO = INCLUDE_SOURCE;
				MTL_FAST_MATH = YES;
				ONLY_ACTIVE_ARCH = YES;
				PRODUCT_NAME = "$(TARGET_NAME)";
				SDKROOT = iphoneos;
				SWIFT_ACTIVE_COMPILATION_CONDITIONS = DEBUG;
				SWIFT_OPTIMIZATION_LEVEL = "-Onone";
				SWIFT_VERSION = 5.0;
			};
			name = Debug;
		};
/* End XCBuildConfiguration section */

/* Begin XCConfigurationList section */
		135EEFE25E65EC4BD4719704 /* Build configuration list for PBXProject "ImageFeed" */ = {
			isa = XCConfigurationList;
			buildConfigurations = (
				AC4B7687D20CDE1C61E4022D /* Debug */,
				3AC9CCE063B95A8C26AAE9B1 /* Release */,
			);
			defaultConfigurationIsVisible = 0;
			defaultConfigurationName = Debug;
		};
		D6697F42E476F8ABEDBD7FF8 /* Build configuration list for PBXNativeTarget "ImageFeed" */ = {
			isa = XCConfigurationList;
			buildConfigurations = (
				6BBA879D8312BF4DEB2ED763 /* Debug */,
				59F75FE748CE0FC9C9ABD7ED /* Release */,
			);
			defaultConfigurationIsVisible = 0;
			defaultConfigurationName = Debug;
		};
/* End XCConfigurationList section */
	};
	rootObject = 9520E46A2D58CF383E44F0D1 /* Project object */;
}
